
Microsoft Visual Studio Solution File, Format Version 12.00
# Visual Studio 15
VisualStudioVersion = 15.0.28307.329
MinimumVisualStudioVersion = 10.0.40219.1
Project("{FAE04EC0-301F-11D3-BF4B-00C04F79EFBC}") = "MathQuiz04", "MathQuiz04\MathQuiz04.csproj", "{F7497C78-A7DE-4A31-AD9F-6ACB39D54C76}"
EndProject
Global
	GlobalSection(SolutionConfigurationPlatforms) = preSolution
		Debug|Any CPU = Debug|Any CPU
		Release|Any CPU = Release|Any CPU
	EndGlobalSection
	GlobalSection(ProjectConfigurationPlatforms) = postSolution
		{F7497C78-A7DE-4A31-AD9F-6ACB39D54C76}.Debug|Any CPU.ActiveCfg = Debug|Any CPU
		{F7497C78-A7DE-4A31-AD9F-6ACB39D54C76}.Debug|Any CPU.Build.0 = Debug|Any CPU
		{F7497C78-A7DE-4A31-AD9F-6ACB39D54C76}.Release|Any CPU.ActiveCfg = Release|Any CPU
		{F7497C78-A7DE-4A31-AD9F-6ACB39D54C76}.Release|Any CPU.Build.0 = Release|Any CPU
	EndGlobalSection
	GlobalSection(SolutionProperties) = preSolution
		HideSolutionNode = FALSE
	EndGlobalSection
	GlobalSection(ExtensibilityGlobals) = postSolution
		SolutionGuid = {B80F2664-4336-4833-B567-F80E7E8FAF7D}
	EndGlobalSection
EndGlobal
